
Microsoft Visual Studio Solution File, Format Version 12.00
Project("{FAE04EC0-301F-11D3-BF4B-00C04F79EFBC}") = "shopveeAPI-v2", "shopveeAPI-v2\shopveeAPI-v2.csproj", "{CB9DC507-3F9B-47AB-B575-ADEAB8DB5AF8}"
EndProject
Project("{FAE04EC0-301F-11D3-BF4B-00C04F79EFBC}") = "Application", "Application\Application.csproj", "{904B8B8C-C97C-479D-A19A-4440C2DF4CF7}"
EndProject
Project("{FAE04EC0-301F-11D3-BF4B-00C04F79EFBC}") = "Domain", "Domain\Domain.csproj", "{9137AE85-DDA1-4171-9D3D-15F83405EE43}"
EndProject
Project("{FAE04EC0-301F-11D3-BF4B-00C04F79EFBC}") = "Infrastructure", "Infrastructure\Infrastructure.csproj", "{91716075-9CA6-40F6-A94F-BABEA3C13D04}"
EndProject
Global
	GlobalSection(SolutionConfigurationPlatforms) = preSolution
		Debug|Any CPU = Debug|Any CPU
		Release|Any CPU = Release|Any CPU
	EndGlobalSection
	GlobalSection(ProjectConfigurationPlatforms) = postSolution
		{CB9DC507-3F9B-47AB-B575-ADEAB8DB5AF8}.Debug|Any CPU.ActiveCfg = Debug|Any CPU
		{CB9DC507-3F9B-47AB-B575-ADEAB8DB5AF8}.Debug|Any CPU.Build.0 = Debug|Any CPU
		{CB9DC507-3F9B-47AB-B575-ADEAB8DB5AF8}.Release|Any CPU.ActiveCfg = Release|Any CPU
		{CB9DC507-3F9B-47AB-B575-ADEAB8DB5AF8}.Release|Any CPU.Build.0 = Release|Any CPU
		{904B8B8C-C97C-479D-A19A-4440C2DF4CF7}.Debug|Any CPU.ActiveCfg = Debug|Any CPU
		{904B8B8C-C97C-479D-A19A-4440C2DF4CF7}.Debug|Any CPU.Build.0 = Debug|Any CPU
		{904B8B8C-C97C-479D-A19A-4440C2DF4CF7}.Release|Any CPU.ActiveCfg = Release|Any CPU
		{904B8B8C-C97C-479D-A19A-4440C2DF4CF7}.Release|Any CPU.Build.0 = Release|Any CPU
		{9137AE85-DDA1-4171-9D3D-15F83405EE43}.Debug|Any CPU.ActiveCfg = Debug|Any CPU
		{9137AE85-DDA1-4171-9D3D-15F83405EE43}.Debug|Any CPU.Build.0 = Debug|Any CPU
		{9137AE85-DDA1-4171-9D3D-15F83405EE43}.Release|Any CPU.ActiveCfg = Release|Any CPU
		{9137AE85-DDA1-4171-9D3D-15F83405EE43}.Release|Any CPU.Build.0 = Release|Any CPU
		{91716075-9CA6-40F6-A94F-BABEA3C13D04}.Debug|Any CPU.ActiveCfg = Debug|Any CPU
		{91716075-9CA6-40F6-A94F-BABEA3C13D04}.Debug|Any CPU.Build.0 = Debug|Any CPU
		{91716075-9CA6-40F6-A94F-BABEA3C13D04}.Release|Any CPU.ActiveCfg = Release|Any CPU
		{91716075-9CA6-40F6-A94F-BABEA3C13D04}.Release|Any CPU.Build.0 = Release|Any CPU
	EndGlobalSection
EndGlobal
